// !$*UTF8*$!
{
	archiveVersion = 1;
	classes = {
	};
	objectVersion = 48;
	objects = {

/* Begin PBXBuildFile section */
		4E0909F51F8E08D5005179F8 /* AppDelegate.swift in Sources */ = {isa = PBXBuildFile; fileRef = 4E0909F41F8E08D5005179F8 /* AppDelegate.swift */; };
		4E0909F71F8E08D5005179F8 /* ViewController.swift in Sources */ = {isa = PBXBuildFile; fileRef = 4E0909F61F8E08D5005179F8 /* ViewController.swift */; };
		4E0909FA1F8E08D5005179F8 /* Main.storyboard in Resources */ = {isa = PBXBuildFile; fileRef = 4E0909F81F8E08D5005179F8 /* Main.storyboard */; };
		4E0909FC1F8E08D5005179F8 /* Assets.xcassets in Resources */ = {isa = PBXBuildFile; fileRef = 4E0909FB1F8E08D5005179F8 /* Assets.xcassets */; };
		4E0909FF1F8E08D5005179F8 /* LaunchScreen.storyboard in Resources */ = {isa = PBXBuildFile; fileRef = 4E0909FD1F8E08D5005179F8 /* LaunchScreen.storyboard */; };
		4E090A0A1F8E08D6005179F8 /* Auto_Layout_ExerciseTests.swift in Sources */ = {isa = PBXBuildFile; fileRef = 4E090A091F8E08D6005179F8 /* Auto_Layout_ExerciseTests.swift */; };
		4E090A151F8E08D6005179F8 /* Auto_Layout_ExerciseUITests.swift in Sources */ = {isa = PBXBuildFile; fileRef = 4E090A141F8E08D6005179F8 /* Auto_Layout_ExerciseUITests.swift */; };
		4E090A241F8E09A3005179F8 /* CircleButton.swift in Sources */ = {isa = PBXBuildFile; fileRef = 4E090A231F8E09A3005179F8 /* CircleButton.swift */; };
/* End PBXBuildFile section */

/* Begin PBXContainerItemProxy section */
		4E090A061F8E08D6005179F8 /* PBXContainerItemProxy */ = {
			isa = PBXContainerItemProxy;
			containerPortal = 4E0909E91F8E08D5005179F8 /* Project object */;
			proxyType = 1;
			remoteGlobalIDString = 4E0909F01F8E08D5005179F8;
			remoteInfo = "Auto-Layout-Exercise";
		};
		4E090A111F8E08D6005179F8 /* PBXContainerItemProxy */ = {
			isa = PBXContainerItemProxy;
			containerPortal = 4E0909E91F8E08D5005179F8 /* Project object */;
			proxyType = 1;
			remoteGlobalIDString = 4E0909F01F8E08D5005179F8;
			remoteInfo = "Auto-Layout-Exercise";
		};
/* End PBXContainerItemProxy section */

/* Begin PBXFileReference section */
		4E0909F11F8E08D5005179F8 /* Auto-Layout-Exercise.app */ = {isa = PBXFileReference; explicitFileType = wrapper.application; includeInIndex = 0; path = "Auto-Layout-Exercise.app"; sourceTree = BUILT_PRODUCTS_DIR; };
		4E0909F41F8E08D5005179F8 /* AppDelegate.swift */ = {isa = PBXFileReference; lastKnownFileType = sourcecode.swift; path = AppDelegate.swift; sourceTree = "<group>"; };
		4E0909F61F8E08D5005179F8 /* ViewController.swift */ = {isa = PBXFileReference; lastKnownFileType = sourcecode.swift; path = ViewController.swift; sourceTree = "<group>"; };
		4E0909F91F8E08D5005179F8 /* Base */ = {isa = PBXFileReference; lastKnownFileType = file.storyboard; name = Base; path = Base.lproj/Main.storyboard; sourceTree = "<group>"; };
		4E0909FB1F8E08D5005179F8 /* Assets.xcassets */ = {isa = PBXFileReference; lastKnownFileType = folder.assetcatalog; path = Assets.xcassets; sourceTree = "<group>"; };
		4E0909FE1F8E08D5005179F8 /* Base */ = {isa = PBXFileReference; lastKnownFileType = file.storyboard; name = Base; path = Base.lproj/LaunchScreen.storyboard; sourceTree = "<group>"; };
		4E090A001F8E08D6005179F8 /* Info.plist */ = {isa = PBXFileReference; lastKnownFileType = text.plist.xml; path = Info.plist; sourceTree = "<group>"; };
		4E090A051F8E08D6005179F8 /* Auto-Layout-ExerciseTests.xctest */ = {isa = PBXFileReference; explicitFileType = wrapper.cfbundle; includeInIndex = 0; path = "Auto-Layout-ExerciseTests.xctest"; sourceTree = BUILT_PRODUCTS_DIR; };
		4E090A091F8E08D6005179F8 /* Auto_Layout_ExerciseTests.swift */ = {isa = PBXFileReference; lastKnownFileType = sourcecode.swift; path = Auto_Layout_ExerciseTests.swift; sourceTree = "<group>"; };
		4E090A0B1F8E08D6005179F8 /* Info.plist */ = {isa = PBXFileReference; lastKnownFileType = text.plist.xml; path = Info.plist; sourceTree = "<group>"; };
		4E090A101F8E08D6005179F8 /* Auto-Layout-ExerciseUITests.xctest */ = {isa = PBXFileReference; explicitFileType = wrapper.cfbundle; includeInIndex = 0; path = "Auto-Layout-ExerciseUITests.xctest"; sourceTree = BUILT_PRODUCTS_DIR; };
		4E090A141F8E08D6005179F8 /* Auto_Layout_ExerciseUITests.swift */ = {isa = PBXFileReference; lastKnownFileType = sourcecode.swift; path = Auto_Layout_ExerciseUITests.swift; sourceTree = "<group>"; };
		4E090A161F8E08D6005179F8 /* Info.plist */ = {isa = PBXFileReference; lastKnownFileType = text.plist.xml; path = Info.plist; sourceTree = "<group>"; };
		4E090A231F8E09A3005179F8 /* CircleButton.swift */ = {isa = PBXFileReference; lastKnownFileType = sourcecode.swift; path = CircleButton.swift; sourceTree = "<group>"; };
/* End PBXFileReference section */

/* Begin PBXFrameworksBuildPhase section */
		4E0909EE1F8E08D5005179F8 /* Frameworks */ = {
			isa = PBXFrameworksBuildPhase;
			buildActionMask = 2147483647;
			files = (
			);
			runOnlyForDeploymentPostprocessing = 0;
		};
		4E090A021F8E08D6005179F8 /* Frameworks */ = {
			isa = PBXFrameworksBuildPhase;
			buildActionMask = 2147483647;
			files = (
			);
			runOnlyForDeploymentPostprocessing = 0;
		};
		4E090A0D1F8E08D6005179F8 /* Frameworks */ = {
			isa = PBXFrameworksBuildPhase;
			buildActionMask = 2147483647;
			files = (
			);
			runOnlyForDeploymentPostprocessing = 0;
		};
/* End PBXFrameworksBuildPhase section */

/* Begin PBXGroup section */
		4E0909E81F8E08D5005179F8 = {
			isa = PBXGroup;
			children = (
				4E0909F31F8E08D5005179F8 /* Auto-Layout-Exercise */,
				4E090A081F8E08D6005179F8 /* Auto-Layout-ExerciseTests */,
				4E090A131F8E08D6005179F8 /* Auto-Layout-ExerciseUITests */,
				4E0909F21F8E08D5005179F8 /* Products */,
			);
			sourceTree = "<group>";
		};
		4E0909F21F8E08D5005179F8 /* Products */ = {
			isa = PBXGroup;
			children = (
				4E0909F11F8E08D5005179F8 /* Auto-Layout-Exercise.app */,
				4E090A051F8E08D6005179F8 /* Auto-Layout-ExerciseTests.xctest */,
				4E090A101F8E08D6005179F8 /* Auto-Layout-ExerciseUITests.xctest */,
			);
			name = Products;
			sourceTree = "<group>";
		};
		4E0909F31F8E08D5005179F8 /* Auto-Layout-Exercise */ = {
			isa = PBXGroup;
			children = (
				4E090A221F8E0989005179F8 /* Views */,
				4E0909F41F8E08D5005179F8 /* AppDelegate.swift */,
				4E0909F61F8E08D5005179F8 /* ViewController.swift */,
				4E0909F81F8E08D5005179F8 /* Main.storyboard */,
				4E0909FB1F8E08D5005179F8 /* Assets.xcassets */,
				4E0909FD1F8E08D5005179F8 /* LaunchScreen.storyboard */,
				4E090A001F8E08D6005179F8 /* Info.plist */,
			);
			path = "Auto-Layout-Exercise";
			sourceTree = "<group>";
		};
		4E090A081F8E08D6005179F8 /* Auto-Layout-ExerciseTests */ = {
			isa = PBXGroup;
			children = (
				4E090A091F8E08D6005179F8 /* Auto_Layout_ExerciseTests.swift */,
				4E090A0B1F8E08D6005179F8 /* Info.plist */,
			);
			path = "Auto-Layout-ExerciseTests";
			sourceTree = "<group>";
		};
		4E090A131F8E08D6005179F8 /* Auto-Layout-ExerciseUITests */ = {
			isa = PBXGroup;
			children = (
				4E090A141F8E08D6005179F8 /* Auto_Layout_ExerciseUITests.swift */,
				4E090A161F8E08D6005179F8 /* Info.plist */,
			);
			path = "Auto-Layout-ExerciseUITests";
			sourceTree = "<group>";
		};
		4E090A221F8E0989005179F8 /* Views */ = {
			isa = PBXGroup;
			children = (
				4E090A231F8E09A3005179F8 /* CircleButton.swift */,
			);
			path = Views;
			sourceTree = "<group>";
		};
/* End PBXGroup section */

/* Begin PBXNativeTarget section */
		4E0909F01F8E08D5005179F8 /* Auto-Layout-Exercise */ = {
			isa = PBXNativeTarget;
			buildConfigurationList = 4E090A191F8E08D6005179F8 /* Build configuration list for PBXNativeTarget "Auto-Layout-Exercise" */;
			buildPhases = (
				4E0909ED1F8E08D5005179F8 /* Sources */,
				4E0909EE1F8E08D5005179F8 /* Frameworks */,
				4E0909EF1F8E08D5005179F8 /* Resources */,
			);
			buildRules = (
			);
			dependencies = (
			);
			name = "Auto-Layout-Exercise";
			productName = "Auto-Layout-Exercise";
			productReference = 4E0909F11F8E08D5005179F8 /* Auto-Layout-Exercise.app */;
			productType = "com.apple.product-type.application";
		};
		4E090A041F8E08D6005179F8 /* Auto-Layout-ExerciseTests */ = {
			isa = PBXNativeTarget;
			buildConfigurationList = 4E090A1C1F8E08D6005179F8 /* Build configuration list for PBXNativeTarget "Auto-Layout-ExerciseTests" */;
			buildPhases = (
				4E090A011F8E08D6005179F8 /* Sources */,
				4E090A021F8E08D6005179F8 /* Frameworks */,
				4E090A031F8E08D6005179F8 /* Resources */,
			);
			buildRules = (
			);
			dependencies = (
				4E090A071F8E08D6005179F8 /* PBXTargetDependency */,
			);
			name = "Auto-Layout-ExerciseTests";
			productName = "Auto-Layout-ExerciseTests";
			productReference = 4E090A051F8E08D6005179F8 /* Auto-Layout-ExerciseTests.xctest */;
			productType = "com.apple.product-type.bundle.unit-test";
		};
		4E090A0F1F8E08D6005179F8 /* Auto-Layout-ExerciseUITests */ = {
			isa = PBXNativeTarget;
			buildConfigurationList = 4E090A1F1F8E08D6005179F8 /* Build configuration list for PBXNativeTarget "Auto-Layout-ExerciseUITests" */;
			buildPhases = (
				4E090A0C1F8E08D6005179F8 /* Sources */,
				4E090A0D1F8E08D6005179F8 /* Frameworks */,
				4E090A0E1F8E08D6005179F8 /* Resources */,
			);
			buildRules = (
			);
			dependencies = (
				4E090A121F8E08D6005179F8 /* PBXTargetDependency */,
			);
			name = "Auto-Layout-ExerciseUITests";
			productName = "Auto-Layout-ExerciseUITests";
			productReference = 4E090A101F8E08D6005179F8 /* Auto-Layout-ExerciseUITests.xctest */;
			productType = "com.apple.product-type.bundle.ui-testing";
		};
/* End PBXNativeTarget section */

/* Begin PBXProject section */
		4E0909E91F8E08D5005179F8 /* Project object */ = {
			isa = PBXProject;
			attributes = {
				LastSwiftUpdateCheck = 0900;
				LastUpgradeCheck = 0900;
				ORGANIZATIONNAME = "Mehmet Alper Duran";
				TargetAttributes = {
					4E0909F01F8E08D5005179F8 = {
						CreatedOnToolsVersion = 9.0;
						ProvisioningStyle = Automatic;
					};
					4E090A041F8E08D6005179F8 = {
						CreatedOnToolsVersion = 9.0;
						ProvisioningStyle = Automatic;
						TestTargetID = 4E0909F01F8E08D5005179F8;
					};
					4E090A0F1F8E08D6005179F8 = {
						CreatedOnToolsVersion = 9.0;
						ProvisioningStyle = Automatic;
						TestTargetID = 4E0909F01F8E08D5005179F8;
					};
				};
			};
			buildConfigurationList = 4E0909EC1F8E08D5005179F8 /* Build configuration list for PBXProject "Auto-Layout-Exercise" */;
			compatibilityVersion = "Xcode 8.0";
			developmentRegion = en;
			hasScannedForEncodings = 0;
			knownRegions = (
				en,
				Base,
			);
			mainGroup = 4E0909E81F8E08D5005179F8;
			productRefGroup = 4E0909F21F8E08D5005179F8 /* Products */;
			projectDirPath = "";
			projectRoot = "";
			targets = (
				4E0909F01F8E08D5005179F8 /* Auto-Layout-Exercise */,
				4E090A041F8E08D6005179F8 /* Auto-Layout-ExerciseTests */,
				4E090A0F1F8E08D6005179F8 /* Auto-Layout-ExerciseUITests */,
			);
		};
/* End PBXProject section */

/* Begin PBXResourcesBuildPhase section */
		4E0909EF1F8E08D5005179F8 /* Resources */ = {
			isa = PBXResourcesBuildPhase;
			buildActionMask = 2147483647;
			files = (
				4E0909FF1F8E08D5005179F8 /* LaunchScreen.storyboard in Resources */,
				4E0909FC1F8E08D5005179F8 /* Assets.xcassets in Resources */,
				4E0909FA1F8E08D5005179F8 /* Main.storyboard in Resources */,
			);
			runOnlyForDeploymentPostprocessing = 0;
		};
		4E090A031F8E08D6005179F8 /* Resources */ = {
			isa = PBXResourcesBuildPhase;
			buildActionMask = 2147483647;
			files = (
			);
			runOnlyForDeploymentPostprocessing = 0;
		};
		4E090A0E1F8E08D6005179F8 /* Resources */ = {
			isa = PBXResourcesBuildPhase;
			buildActionMask = 2147483647;
			files = (
			);
			runOnlyForDeploymentPostprocessing = 0;
		};
/* End PBXResourcesBuildPhase section */

/* Begin PBXSourcesBuildPhase section */
		4E0909ED1F8E08D5005179F8 /* Sources */ = {
			isa = PBXSourcesBuildPhase;
			buildActionMask = 2147483647;
			files = (
				4E090A241F8E09A3005179F8 /* CircleButton.swift in Sources */,
				4E0909F71F8E08D5005179F8 /* ViewController.swift in Sources */,
				4E0909F51F8E08D5005179F8 /* AppDelegate.swift in Sources */,
			);
			runOnlyForDeploymentPostprocessing = 0;
		};
		4E090A011F8E08D6005179F8 /* Sources */ = {
			isa = PBXSourcesBuildPhase;
			buildActionMask = 2147483647;
			files = (
				4E090A0A1F8E08D6005179F8 /* Auto_Layout_ExerciseTests.swift in Sources */,
			);
			runOnlyForDeploymentPostprocessing = 0;
		};
		4E090A0C1F8E08D6005179F8 /* Sources */ = {
			isa = PBXSourcesBuildPhase;
			buildActionMask = 2147483647;
			files = (
				4E090A151F8E08D6005179F8 /* Auto_Layout_ExerciseUITests.swift in Sources */,
			);
			runOnlyForDeploymentPostprocessing = 0;
		};
/* End PBXSourcesBuildPhase section */

/* Begin PBXTargetDependency section */
		4E090A071F8E08D6005179F8 /* PBXTargetDependency */ = {
			isa = PBXTargetDependency;
			target = 4E0909F01F8E08D5005179F8 /* Auto-Layout-Exercise */;
			targetProxy = 4E090A061F8E08D6005179F8 /* PBXContainerItemProxy */;
		};
		4E090A121F8E08D6005179F8 /* PBXTargetDependency */ = {
			isa = PBXTargetDependency;
			target = 4E0909F01F8E08D5005179F8 /* Auto-Layout-Exercise */;
			targetProxy = 4E090A111F8E08D6005179F8 /* PBXContainerItemProxy */;
		};
/* End PBXTargetDependency section */

/* Begin PBXVariantGroup section */
		4E0909F81F8E08D5005179F8 /* Main.storyboard */ = {
			isa = PBXVariantGroup;
			children = (
				4E0909F91F8E08D5005179F8 /* Base */,
			);
			name = Main.storyboard;
			sourceTree = "<group>";
		};
		4E0909FD1F8E08D5005179F8 /* LaunchScreen.storyboard */ = {
			isa = PBXVariantGroup;
			children = (
				4E0909FE1F8E08D5005179F8 /* Base */,
			);
			name = LaunchScreen.storyboard;
			sourceTree = "<group>";
		};
/* End PBXVariantGroup section */

/* Begin XCBuildConfiguration section */
		4E090A171F8E08D6005179F8 /* Debug */ = {
			isa = XCBuildConfiguration;
			buildSettings = {
				ALWAYS_SEARCH_USER_PATHS = NO;
				CLANG_ANALYZER_NONNULL = YES;
				CLANG_ANALYZER_NUMBER_OBJECT_CONVERSION = YES_AGGRESSIVE;
				CLANG_CXX_LANGUAGE_STANDARD = "gnu++14";
				CLANG_CXX_LIBRARY = "libc++";
				CLANG_ENABLE_MODULES = YES;
				CLANG_ENABLE_OBJC_ARC = YES;
				CLANG_WARN_BLOCK_CAPTURE_AUTORELEASING = YES;
				CLANG_WARN_BOOL_CONVERSION = YES;
				CLANG_WARN_COMMA = YES;
				CLANG_WARN_CONSTANT_CONVERSION = YES;
				CLANG_WARN_DIRECT_OBJC_ISA_USAGE = YES_ERROR;
				CLANG_WARN_DOCUMENTATION_COMMENTS = YES;
				CLANG_WARN_EMPTY_BODY = YES;
				CLANG_WARN_ENUM_CONVERSION = YES;
				CLANG_WARN_INFINITE_RECURSION = YES;
				CLANG_WARN_INT_CONVERSION = YES;
				CLANG_WARN_NON_LITERAL_NULL_CONVERSION = YES;
				CLANG_WARN_OBJC_LITERAL_CONVERSION = YES;
				CLANG_WARN_OBJC_ROOT_CLASS = YES_ERROR;
				CLANG_WARN_RANGE_LOOP_ANALYSIS = YES;
				CLANG_WARN_STRICT_PROTOTYPES = YES;
				CLANG_WARN_SUSPICIOUS_MOVE = YES;
				CLANG_WARN_UNGUARDED_AVAILABILITY = YES_AGGRESSIVE;
				CLANG_WARN_UNREACHABLE_CODE = YES;
				CLANG_WARN__DUPLICATE_METHOD_MATCH = YES;
				CODE_SIGN_IDENTITY = "iPhone Developer";
				COPY_PHASE_STRIP = NO;
				DEBUG_INFORMATION_FORMAT = dwarf;
				ENABLE_STRICT_OBJC_MSGSEND = YES;
				ENABLE_TESTABILITY = YES;
				GCC_C_LANGUAGE_STANDARD = gnu11;
				GCC_DYNAMIC_NO_PIC = NO;
				GCC_NO_COMMON_BLOCKS = YES;
				GCC_OPTIMIZATION_LEVEL = 0;
				GCC_PREPROCESSOR_DEFINITIONS = (
					"DEBUG=1",
					"$(inherited)",
				);
				GCC_WARN_64_TO_32_BIT_CONVERSION = YES;
				GCC_WARN_ABOUT_RETURN_TYPE = YES_ERROR;
				GCC_WARN_UNDECLARED_SELECTOR = YES;
				GCC_WARN_UNINITIALIZED_AUTOS = YES_AGGRESSIVE;
				GCC_WARN_UNUSED_FUNCTION = YES;
				GCC_WARN_UNUSED_VARIABLE = YES;
				IPHONEOS_DEPLOYMENT_TARGET = 11.0;
				MTL_ENABLE_DEBUG_INFO = YES;
				ONLY_ACTIVE_ARCH = YES;
				SDKROOT = iphoneos;
				SWIFT_ACTIVE_COMPILATION_CONDITIONS = DEBUG;
				SWIFT_OPTIMIZATION_LEVEL = "-Onone";
			};
			name = Debug;
		};
		4E090A181F8E08D6005179F8 /* Release */ = {
			isa = XCBuildConfiguration;
			buildSettings = {
				ALWAYS_SEARCH_USER_PATHS = NO;
				CLANG_ANALYZER_NONNULL = YES;
				CLANG_ANALYZER_NUMBER_OBJECT_CONVERSION = YES_AGGRESSIVE;
				CLANG_CXX_LANGUAGE_STANDARD = "gnu++14";
				CLANG_CXX_LIBRARY = "libc++";
				CLANG_ENABLE_MODULES = YES;
				CLANG_ENABLE_OBJC_ARC = YES;
				CLANG_WARN_BLOCK_CAPTURE_AUTORELEASING = YES;
				CLANG_WARN_BOOL_CONVERSION = YES;
				CLANG_WARN_COMMA = YES;
				CLANG_WARN_CONSTANT_CONVERSION = YES;
				CLANG_WARN_DIRECT_OBJC_ISA_USAGE = YES_ERROR;
				CLANG_WARN_DOCUMENTATION_COMMENTS = YES;
				CLANG_WARN_EMPTY_BODY = YES;
				CLANG_WARN_ENUM_CONVERSION = YES;
				CLANG_WARN_INFINITE_RECURSION = YES;
				CLANG_WARN_INT_CONVERSION = YES;
				CLANG_WARN_NON_LITERAL_NULL_CONVERSION = YES;
				CLANG_WARN_OBJC_LITERAL_CONVERSION = YES;
				CLANG_WARN_OBJC_ROOT_CLASS = YES_ERROR;
				CLANG_WARN_RANGE_LOOP_ANALYSIS = YES;
				CLANG_WARN_STRICT_PROTOTYPES = YES;
				CLANG_WARN_SUSPICIOUS_MOVE = YES;
				CLANG_WARN_UNGUARDED_AVAILABILITY = YES_AGGRESSIVE;
				CLANG_WARN_UNREACHABLE_CODE = YES;
				CLANG_WARN__DUPLICATE_METHOD_MATCH = YES;
				CODE_SIGN_IDENTITY = "iPhone Developer";
				COPY_PHASE_STRIP = NO;
				DEBUG_INFORMATION_FORMAT = "dwarf-with-dsym";
				ENABLE_NS_ASSERTIONS = NO;
				ENABLE_STRICT_OBJC_MSGSEND = YES;
				GCC_C_LANGUAGE_STANDARD = gnu11;
				GCC_NO_COMMON_BLOCKS = YES;
				GCC_WARN_64_TO_32_BIT_CONVERSION = YES;
				GCC_WARN_ABOUT_RETURN_TYPE = YES_ERROR;
				GCC_WARN_UNDECLARED_SELECTOR = YES;
				GCC_WARN_UNINITIALIZED_AUTOS = YES_AGGRESSIVE;
				GCC_WARN_UNUSED_FUNCTION = YES;
				GCC_WARN_UNUSED_VARIABLE = YES;
				IPHONEOS_DEPLOYMENT_TARGET = 11.0;
				MTL_ENABLE_DEBUG_INFO = NO;
				SDKROOT = iphoneos;
				SWIFT_OPTIMIZATION_LEVEL = "-Owholemodule";
				VALIDATE_PRODUCT = YES;
			};
			name = Release;
		};
		4E090A1A1F8E08D6005179F8 /* Debug */ = {
			isa = XCBuildConfiguration;
			buildSettings = {
				ASSETCATALOG_COMPILER_APPICON_NAME = AppIcon;
				CODE_SIGN_STYLE = Automatic;
				DEVELOPMENT_TEAM = 37QP5GQ5Y3;
				INFOPLIST_FILE = "Auto-Layout-Exercise/Info.plist";
				LD_RUNPATH_SEARCH_PATHS = "$(inherited) @executable_path/Frameworks";
				PRODUCT_BUNDLE_IDENTIFIER = "com.217.Auto-Layout-Exercise";
				PRODUCT_NAME = "$(TARGET_NAME)";
				SWIFT_VERSION = 4.0;
				TARGETED_DEVICE_FAMILY = "1,2";
			};
			name = Debug;
		};
		4E090A1B1F8E08D6005179F8 /* Release */ = {
			isa = XCBuildConfiguration;
			buildSettings = {
				ASSETCATALOG_COMPILER_APPICON_NAME = AppIcon;
				CODE_SIGN_STYLE = Automatic;
				DEVELOPMENT_TEAM = 37QP5GQ5Y3;
				INFOPLIST_FILE = "Auto-Layout-Exercise/Info.plist";
				LD_RUNPATH_SEARCH_PATHS = "$(inherited) @executable_path/Frameworks";
				PRODUCT_BUNDLE_IDENTIFIER = "com.217.Auto-Layout-Exercise";
				PRODUCT_NAME = "$(TARGET_NAME)";
				SWIFT_VERSION = 4.0;
				TARGETED_DEVICE_FAMILY = "1,2";
			};
			name = Release;
		};
		4E090A1D1F8E08D6005179F8 /* Debug */ = {
			isa = XCBuildConfiguration;
			buildSettings = {
				ALWAYS_EMBED_SWIFT_STANDARD_LIBRARIES = YES;
				BUNDLE_LOADER = "$(TEST_HOST)";
				CODE_SIGN_STYLE = Automatic;
				DEVELOPMENT_TEAM = 37QP5GQ5Y3;
				INFOPLIST_FILE = "Auto-Layout-ExerciseTests/Info.plist";
				LD_RUNPATH_SEARCH_PATHS = "$(inherited) @executable_path/Frameworks @loader_path/Frameworks";
				PRODUCT_BUNDLE_IDENTIFIER = "com.217.Auto-Layout-ExerciseTests";
				PRODUCT_NAME = "$(TARGET_NAME)";
				SWIFT_VERSION = 4.0;
				TARGETED_DEVICE_FAMILY = "1,2";
				TEST_HOST = "$(BUILT_PRODUCTS_DIR)/Auto-Layout-Exercise.app/Auto-Layout-Exercise";
			};
			name = Debug;
		};
		4E090A1E1F8E08D6005179F8 /* Release */ = {
			isa = XCBuildConfiguration;
			buildSettings = {
				ALWAYS_EMBED_SWIFT_STANDARD_LIBRARIES = YES;
				BUNDLE_LOADER = "$(TEST_HOST)";
				CODE_SIGN_STYLE = Automatic;
				DEVELOPMENT_TEAM = 37QP5GQ5Y3;
				INFOPLIST_FILE = "Auto-Layout-ExerciseTests/Info.plist";
				LD_RUNPATH_SEARCH_PATHS = "$(inherited) @executable_path/Frameworks @loader_path/Frameworks";
				PRODUCT_BUNDLE_IDENTIFIER = "com.217.Auto-Layout-ExerciseTests";
				PRODUCT_NAME = "$(TARGET_NAME)";
				SWIFT_VERSION = 4.0;
				TARGETED_DEVICE_FAMILY = "1,2";
				TEST_HOST = "$(BUILT_PRODUCTS_DIR)/Auto-Layout-Exercise.app/Auto-Layout-Exercise";
			};
			name = Release;
		};
		4E090A201F8E08D6005179F8 /* Debug */ = {
			isa = XCBuildConfiguration;
			buildSettings = {
				ALWAYS_EMBED_SWIFT_STANDARD_LIBRARIES = YES;
				CODE_SIGN_STYLE = Automatic;
				DEVELOPMENT_TEAM = 37QP5GQ5Y3;
				INFOPLIST_FILE = "Auto-Layout-ExerciseUITests/Info.plist";
				LD_RUNPATH_SEARCH_PATHS = "$(inherited) @executable_path/Frameworks @loader_path/Frameworks";
				PRODUCT_BUNDLE_IDENTIFIER = "com.217.Auto-Layout-ExerciseUITests";
				PRODUCT_NAME = "$(TARGET_NAME)";
				SWIFT_VERSION = 4.0;
				TARGETED_DEVICE_FAMILY = "1,2";
				TEST_TARGET_NAME = "Auto-Layout-Exercise";
			};
			name = Debug;
		};
		4E090A211F8E08D6005179F8 /* Release */ = {
			isa = XCBuildConfiguration;
			buildSettings = {
				ALWAYS_EMBED_SWIFT_STANDARD_LIBRARIES = YES;
				CODE_SIGN_STYLE = Automatic;
				DEVELOPMENT_TEAM = 37QP5GQ5Y3;
				INFOPLIST_FILE = "Auto-Layout-ExerciseUITests/Info.plist";
				LD_RUNPATH_SEARCH_PATHS = "$(inherited) @executable_path/Frameworks @loader_path/Frameworks";
				PRODUCT_BUNDLE_IDENTIFIER = "com.217.Auto-Layout-ExerciseUITests";
				PRODUCT_NAME = "$(TARGET_NAME)";
				SWIFT_VERSION = 4.0;
				TARGETED_DEVICE_FAMILY = "1,2";
				TEST_TARGET_NAME = "Auto-Layout-Exercise";
			};
			name = Release;
		};
/* End XCBuildConfiguration section */

/* Begin XCConfigurationList section */
		4E0909EC1F8E08D5005179F8 /* Build configuration list for PBXProject "Auto-Layout-Exercise" */ = {
			isa = XCConfigurationList;
			buildConfigurations = (
				4E090A171F8E08D6005179F8 /* Debug */,
				4E090A181F8E08D6005179F8 /* Release */,
			);
			defaultConfigurationIsVisible = 0;
			defaultConfigurationName = Release;
		};
		4E090A191F8E08D6005179F8 /* Build configuration list for PBXNativeTarget "Auto-Layout-Exercise" */ = {
			isa = XCConfigurationList;
			buildConfigurations = (
				4E090A1A1F8E08D6005179F8 /* Debug */,
				4E090A1B1F8E08D6005179F8 /* Release */,
			);
			defaultConfigurationIsVisible = 0;
			defaultConfigurationName = Release;
		};
		4E090A1C1F8E08D6005179F8 /* Build configuration list for PBXNativeTarget "Auto-Layout-ExerciseTests" */ = {
			isa = XCConfigurationList;
			buildConfigurations = (
				4E090A1D1F8E08D6005179F8 /* Debug */,
				4E090A1E1F8E08D6005179F8 /* Release */,
			);
			defaultConfigurationIsVisible = 0;
			defaultConfigurationName = Release;
		};
		4E090A1F1F8E08D6005179F8 /* Build configuration list for PBXNativeTarget "Auto-Layout-ExerciseUITests" */ = {
			isa = XCConfigurationList;
			buildConfigurations = (
				4E090A201F8E08D6005179F8 /* Debug */,
				4E090A211F8E08D6005179F8 /* Release */,
			);
			defaultConfigurationIsVisible = 0;
			defaultConfigurationName = Release;
		};
/* End XCConfigurationList section */
	};
	rootObject = 4E0909E91F8E08D5005179F8 /* Project object */;
}
